{
  "nodes": {
    "hermes-agent": {
      "flake": false,
      "locked": {
        "lastModified": 1781980701,
        "narHash": "sha256-DiMi7eXjMvrP2qKAbMXc9edy4thnb49dwVud+5Xu728=",
        "owner": "NousResearch",
        "repo": "hermes-agent",
        "rev": "5a53e0f0f487d3d383e2a7b2eae8f260e9bf1090",
        "type": "github"
      },
      "original": {
        "owner": "NousResearch",
        "repo": "hermes-agent",
        "type": "github"
      }
    },
    "nixpkgs": {
      "locked": {
        "lastModified": 1781577229,
        "narHash": "sha256-lrp67w8AulE9Ks53n27I45ADSzbOCn4H+CNW1Ck8B+8=",
        "owner": "NixOS",
        "repo": "nixpkgs",
        "rev": "567a49d1913ce81ac6e9582e3553dd90a955875f",
        "type": "github"
      },
      "original": {
        "owner": "NixOS",
        "ref": "nixos-unstable",
        "repo": "nixpkgs",
        "type": "github"
      }
    },
    "root": {
      "inputs": {
        "hermes-agent": "hermes-agent",
        "nixpkgs": "nixpkgs"
      }
    }
  },
  "root": "root",
  "version": 7
}
